
Microsoft Visual Studio Solution File, Format Version 12.00
# Visual Studio Version 17
VisualStudioVersion = 17.14.36518.9 d17.14
MinimumVisualStudioVersion = 10.0.40219.1
Project("{FAE04EC0-301F-11D3-BF4B-00C04F79EFBC}") = "DVLD Ep1", "DVLD Ep1.csproj", "{68871A8D-BF08-4A04-9B22-7C12920E9FE7}"
EndProject
Project("{FAE04EC0-301F-11D3-BF4B-00C04F79EFBC}") = "AccessLayer", "..\AccessLayer\AccessLayer.csproj", "{B03AD749-79F8-456A-A974-E0B40C8DC956}"
EndProject
Project("{FAE04EC0-301F-11D3-BF4B-00C04F79EFBC}") = "BusinessLayer", "..\BusinessLayer\BusinessLayer.csproj", "{6E4FB6C3-A715-4051-8283-5E981AA584EC}"
EndProject
Global
	GlobalSection(SolutionConfigurationPlatforms) = preSolution
		Debug|Any CPU = Debug|Any CPU
		Release|Any CPU = Release|Any CPU
	EndGlobalSection
	GlobalSection(ProjectConfigurationPlatforms) = postSolution
		{68871A8D-BF08-4A04-9B22-7C12920E9FE7}.Debug|Any CPU.ActiveCfg = Debug|Any CPU
		{68871A8D-BF08-4A04-9B22-7C12920E9FE7}.Debug|Any CPU.Build.0 = Debug|Any CPU
		{68871A8D-BF08-4A04-9B22-7C12920E9FE7}.Release|Any CPU.ActiveCfg = Release|Any CPU
		{68871A8D-BF08-4A04-9B22-7C12920E9FE7}.Release|Any CPU.Build.0 = Release|Any CPU
		{B03AD749-79F8-456A-A974-E0B40C8DC956}.Debug|Any CPU.ActiveCfg = Debug|Any CPU
		{B03AD749-79F8-456A-A974-E0B40C8DC956}.Debug|Any CPU.Build.0 = Debug|Any CPU
		{B03AD749-79F8-456A-A974-E0B40C8DC956}.Release|Any CPU.ActiveCfg = Release|Any CPU
		{B03AD749-79F8-456A-A974-E0B40C8DC956}.Release|Any CPU.Build.0 = Release|Any CPU
		{6E4FB6C3-A715-4051-8283-5E981AA584EC}.Debug|Any CPU.ActiveCfg = Debug|Any CPU
		{6E4FB6C3-A715-4051-8283-5E981AA584EC}.Debug|Any CPU.Build.0 = Debug|Any CPU
		{6E4FB6C3-A715-4051-8283-5E981AA584EC}.Release|Any CPU.ActiveCfg = Release|Any CPU
		{6E4FB6C3-A715-4051-8283-5E981AA584EC}.Release|Any CPU.Build.0 = Release|Any CPU
	EndGlobalSection
	GlobalSection(SolutionProperties) = preSolution
		HideSolutionNode = FALSE
	EndGlobalSection
	GlobalSection(ExtensibilityGlobals) = postSolution
		SolutionGuid = {8585E8F0-F185-4761-8E86-4F81B1F42D73}
	EndGlobalSection
EndGlobal
